
Microsoft Visual Studio Solution File, Format Version 12.00
# Visual Studio Version 16
VisualStudioVersion = 16.0.29519.87
MinimumVisualStudioVersion = 10.0.40219.1
Project("{FAE04EC0-301F-11D3-BF4B-00C04F79EFBC}") = "HuffmanCoding", "ConsoleApp1\HuffmanCoding.csproj", "{2209138B-A301-4C53-B45B-DC88D1C7A70E}"
EndProject
Global
	GlobalSection(SolutionConfigurationPlatforms) = preSolution
		Debug|Any CPU = Debug|Any CPU
		Release|Any CPU = Release|Any CPU
	EndGlobalSection
	GlobalSection(ProjectConfigurationPlatforms) = postSolution
		{2209138B-A301-4C53-B45B-DC88D1C7A70E}.Debug|Any CPU.ActiveCfg = Debug|Any CPU
		{2209138B-A301-4C53-B45B-DC88D1C7A70E}.Debug|Any CPU.Build.0 = Debug|Any CPU
		{2209138B-A301-4C53-B45B-DC88D1C7A70E}.Release|Any CPU.ActiveCfg = Release|Any CPU
		{2209138B-A301-4C53-B45B-DC88D1C7A70E}.Release|Any CPU.Build.0 = Release|Any CPU
	EndGlobalSection
	GlobalSection(SolutionProperties) = preSolution
		HideSolutionNode = FALSE
	EndGlobalSection
	GlobalSection(ExtensibilityGlobals) = postSolution
		SolutionGuid = {6DA1CAB5-5492-4326-9C4C-7DA11DA78A4C}
	EndGlobalSection
EndGlobal
